// !$*UTF8*$!
{
	archiveVersion = 1;
	classes = {
	};
	objectVersion = 56;
	objects = {

/* Begin PBXBuildFile section */
		6C52C81A2931D708009DC766 /* TodoLogApp.swift in Sources */ = {isa = PBXBuildFile; fileRef = 6C52C8192931D708009DC766 /* TodoLogApp.swift */; };
		6C52C81C2931D708009DC766 /* ContentView.swift in Sources */ = {isa = PBXBuildFile; fileRef = 6C52C81B2931D708009DC766 /* ContentView.swift */; };
		6C52C81E2931D709009DC766 /* Assets.xcassets in Resources */ = {isa = PBXBuildFile; fileRef = 6C52C81D2931D709009DC766 /* Assets.xcassets */; };
		6C52C8212931D709009DC766 /* Preview Assets.xcassets in Resources */ = {isa = PBXBuildFile; fileRef = 6C52C8202931D709009DC766 /* Preview Assets.xcassets */; };
		6C52C8292931D730009DC766 /* TodoLog.xcdatamodeld in Sources */ = {isa = PBXBuildFile; fileRef = 6C52C8272931D730009DC766 /* TodoLog.xcdatamodeld */; };
		6C52C82B2931D771009DC766 /* Persistent.swift in Sources */ = {isa = PBXBuildFile; fileRef = 6C52C82A2931D771009DC766 /* Persistent.swift */; };
		6C52C82D2931D7A9009DC766 /* Draft.swift in Sources */ = {isa = PBXBuildFile; fileRef = 6C52C82C2931D7A9009DC766 /* Draft.swift */; };
		6C52C82F2931D7CB009DC766 /* Environment.swift in Sources */ = {isa = PBXBuildFile; fileRef = 6C52C82E2931D7CB009DC766 /* Environment.swift */; };
		6C52C8312931D7DD009DC766 /* ListRow.swift in Sources */ = {isa = PBXBuildFile; fileRef = 6C52C8302931D7DD009DC766 /* ListRow.swift */; };
		6C52C8332931D7F4009DC766 /* TaskList.swift in Sources */ = {isa = PBXBuildFile; fileRef = 6C52C8322931D7F4009DC766 /* TaskList.swift */; };
		6C52C8352931D80C009DC766 /* Util.swift in Sources */ = {isa = PBXBuildFile; fileRef = 6C52C8342931D80C009DC766 /* Util.swift */; };
/* End PBXBuildFile section */

/* Begin PBXFileReference section */
		6C52C8162931D708009DC766 /* TodoLog.app */ = {isa = PBXFileReference; explicitFileType = wrapper.application; includeInIndex = 0; path = TodoLog.app; sourceTree = BUILT_PRODUCTS_DIR; };
		6C52C8192931D708009DC766 /* TodoLogApp.swift */ = {isa = PBXFileReference; lastKnownFileType = sourcecode.swift; path = TodoLogApp.swift; sourceTree = "<group>"; };
		6C52C81B2931D708009DC766 /* ContentView.swift */ = {isa = PBXFileReference; lastKnownFileType = sourcecode.swift; path = ContentView.swift; sourceTree = "<group>"; };
		6C52C81D2931D709009DC766 /* Assets.xcassets */ = {isa = PBXFileReference; lastKnownFileType = folder.assetcatalog; path = Assets.xcassets; sourceTree = "<group>"; };
		6C52C8202931D709009DC766 /* Preview Assets.xcassets */ = {isa = PBXFileReference; lastKnownFileType = folder.assetcatalog; path = "Preview Assets.xcassets"; sourceTree = "<group>"; };
		6C52C8282931D730009DC766 /* TodoLog.xcdatamodel */ = {isa = PBXFileReference; lastKnownFileType = wrapper.xcdatamodel; path = TodoLog.xcdatamodel; sourceTree = "<group>"; };
		6C52C82A2931D771009DC766 /* Persistent.swift */ = {isa = PBXFileReference; lastKnownFileType = sourcecode.swift; path = Persistent.swift; sourceTree = "<group>"; };
		6C52C82C2931D7A9009DC766 /* Draft.swift */ = {isa = PBXFileReference; lastKnownFileType = sourcecode.swift; path = Draft.swift; sourceTree = "<group>"; };
		6C52C82E2931D7CB009DC766 /* Environment.swift */ = {isa = PBXFileReference; lastKnownFileType = sourcecode.swift; path = Environment.swift; sourceTree = "<group>"; };
		6C52C8302931D7DD009DC766 /* ListRow.swift */ = {isa = PBXFileReference; lastKnownFileType = sourcecode.swift; path = ListRow.swift; sourceTree = "<group>"; };
		6C52C8322931D7F4009DC766 /* TaskList.swift */ = {isa = PBXFileReference; lastKnownFileType = sourcecode.swift; path = TaskList.swift; sourceTree = "<group>"; };
		6C52C8342931D80C009DC766 /* Util.swift */ = {isa = PBXFileReference; lastKnownFileType = sourcecode.swift; path = Util.swift; sourceTree = "<group>"; };
/* End PBXFileReference section */

/* Begin PBXFrameworksBuildPhase section */
		6C52C8132931D708009DC766 /* Frameworks */ = {
			isa = PBXFrameworksBuildPhase;
			buildActionMask = 2147483647;
			files = (
			);
			runOnlyForDeploymentPostprocessing = 0;
		};
/* End PBXFrameworksBuildPhase section */

/* Begin PBXGroup section */
		6C52C80D2931D708009DC766 = {
			isa = PBXGroup;
			children = (
				6C52C8182931D708009DC766 /* TodoLog */,
				6C52C8172931D708009DC766 /* Products */,
			);
			sourceTree = "<group>";
		};
		6C52C8172931D708009DC766 /* Products */ = {
			isa = PBXGroup;
			children = (
				6C52C8162931D708009DC766 /* TodoLog.app */,
			);
			name = Products;
			sourceTree = "<group>";
		};
		6C52C8182931D708009DC766 /* TodoLog */ = {
			isa = PBXGroup;
			children = (
				6C52C8192931D708009DC766 /* TodoLogApp.swift */,
				6C52C81B2931D708009DC766 /* ContentView.swift */,
				6C52C8272931D730009DC766 /* TodoLog.xcdatamodeld */,
				6C52C82A2931D771009DC766 /* Persistent.swift */,
				6C52C82C2931D7A9009DC766 /* Draft.swift */,
				6C52C82E2931D7CB009DC766 /* Environment.swift */,
				6C52C8302931D7DD009DC766 /* ListRow.swift */,
				6C52C8322931D7F4009DC766 /* TaskList.swift */,
				6C52C8342931D80C009DC766 /* Util.swift */,
				6C52C81D2931D709009DC766 /* Assets.xcassets */,
				6C52C81F2931D709009DC766 /* Preview Content */,
			);
			path = TodoLog;
			sourceTree = "<group>";
		};
		6C52C81F2931D709009DC766 /* Preview Content */ = {
			isa = PBXGroup;
			children = (
				6C52C8202931D709009DC766 /* Preview Assets.xcassets */,
			);
			path = "Preview Content";
			sourceTree = "<group>";
		};
/* End PBXGroup section */

/* Begin PBXNativeTarget section */
		6C52C8152931D708009DC766 /* TodoLog */ = {
			isa = PBXNativeTarget;
			buildConfigurationList = 6C52C8242931D709009DC766 /* Build configuration list for PBXNativeTarget "TodoLog" */;
			buildPhases = (
				6C52C8122931D708009DC766 /* Sources */,
				6C52C8132931D708009DC766 /* Frameworks */,
				6C52C8142931D708009DC766 /* Resources */,
			);
			buildRules = (
			);
			dependencies = (
			);
			name = TodoLog;
			productName = TodoLog;
			productReference = 6C52C8162931D708009DC766 /* TodoLog.app */;
			productType = "com.apple.product-type.application";
		};
/* End PBXNativeTarget section */

/* Begin PBXProject section */
		6C52C80E2931D708009DC766 /* Project object */ = {
			isa = PBXProject;
			attributes = {
				BuildIndependentTargetsInParallel = 1;
				LastSwiftUpdateCheck = 1410;
				LastUpgradeCheck = 1410;
				TargetAttributes = {
					6C52C8152931D708009DC766 = {
						CreatedOnToolsVersion = 14.1;
					};
				};
			};
			buildConfigurationList = 6C52C8112931D708009DC766 /* Build configuration list for PBXProject "TodoLog" */;
			compatibilityVersion = "Xcode 14.0";
			developmentRegion = en;
			hasScannedForEncodings = 0;
			knownRegions = (
				en,
				Base,
			);
			mainGroup = 6C52C80D2931D708009DC766;
			productRefGroup = 6C52C8172931D708009DC766 /* Products */;
			projectDirPath = "";
			projectRoot = "";
			targets = (
				6C52C8152931D708009DC766 /* TodoLog */,
			);
		};
/* End PBXProject section */

/* Begin PBXResourcesBuildPhase section */
		6C52C8142931D708009DC766 /* Resources */ = {
			isa = PBXResourcesBuildPhase;
			buildActionMask = 2147483647;
			files = (
				6C52C8212931D709009DC766 /* Preview Assets.xcassets in Resources */,
				6C52C81E2931D709009DC766 /* Assets.xcassets in Resources */,
			);
			runOnlyForDeploymentPostprocessing = 0;
		};
/* End PBXResourcesBuildPhase section */

/* Begin PBXSourcesBuildPhase section */
		6C52C8122931D708009DC766 /* Sources */ = {
			isa = PBXSourcesBuildPhase;
			buildActionMask = 2147483647;
			files = (
				6C52C8332931D7F4009DC766 /* TaskList.swift in Sources */,
				6C52C8352931D80C009DC766 /* Util.swift in Sources */,
				6C52C82D2931D7A9009DC766 /* Draft.swift in Sources */,
				6C52C82F2931D7CB009DC766 /* Environment.swift in Sources */,
				6C52C82B2931D771009DC766 /* Persistent.swift in Sources */,
				6C52C81C2931D708009DC766 /* ContentView.swift in Sources */,
				6C52C81A2931D708009DC766 /* TodoLogApp.swift in Sources */,
				6C52C8312931D7DD009DC766 /* ListRow.swift in Sources */,
				6C52C8292931D730009DC766 /* TodoLog.xcdatamodeld in Sources */,
			);
			runOnlyForDeploymentPostprocessing = 0;
		};
/* End PBXSourcesBuildPhase section */

/* Begin XCBuildConfiguration section */
		6C52C8222931D709009DC766 /* Debug */ = {
			isa = XCBuildConfiguration;
			buildSettings = {
				ALWAYS_SEARCH_USER_PATHS = NO;
				CLANG_ANALYZER_NONNULL = YES;
				CLANG_ANALYZER_NUMBER_OBJECT_CONVERSION = YES_AGGRESSIVE;
				CLANG_CXX_LANGUAGE_STANDARD = "gnu++20";
				CLANG_ENABLE_MODULES = YES;
				CLANG_ENABLE_OBJC_ARC = YES;
				CLANG_ENABLE_OBJC_WEAK = YES;
				CLANG_WARN_BLOCK_CAPTURE_AUTORELEASING = YES;
				CLANG_WARN_BOOL_CONVERSION = YES;
				CLANG_WARN_COMMA = YES;
				CLANG_WARN_CONSTANT_CONVERSION = YES;
				CLANG_WARN_DEPRECATED_OBJC_IMPLEMENTATIONS = YES;
				CLANG_WARN_DIRECT_OBJC_ISA_USAGE = YES_ERROR;
				CLANG_WARN_DOCUMENTATION_COMMENTS = YES;
				CLANG_WARN_EMPTY_BODY = YES;
				CLANG_WARN_ENUM_CONVERSION = YES;
				CLANG_WARN_INFINITE_RECURSION = YES;
				CLANG_WARN_INT_CONVERSION = YES;
				CLANG_WARN_NON_LITERAL_NULL_CONVERSION = YES;
				CLANG_WARN_OBJC_IMPLICIT_RETAIN_SELF = YES;
				CLANG_WARN_OBJC_LITERAL_CONVERSION = YES;
				CLANG_WARN_OBJC_ROOT_CLASS = YES_ERROR;
				CLANG_WARN_QUOTED_INCLUDE_IN_FRAMEWORK_HEADER = YES;
				CLANG_WARN_RANGE_LOOP_ANALYSIS = YES;
				CLANG_WARN_STRICT_PROTOTYPES = YES;
				CLANG_WARN_SUSPICIOUS_MOVE = YES;
				CLANG_WARN_UNGUARDED_AVAILABILITY = YES_AGGRESSIVE;
				CLANG_WARN_UNREACHABLE_CODE = YES;
				CLANG_WARN__DUPLICATE_METHOD_MATCH = YES;
				COPY_PHASE_STRIP = NO;
				DEBUG_INFORMATION_FORMAT = dwarf;
				ENABLE_STRICT_OBJC_MSGSEND = YES;
				ENABLE_TESTABILITY = YES;
				GCC_C_LANGUAGE_STANDARD = gnu11;
				GCC_DYNAMIC_NO_PIC = NO;
				GCC_NO_COMMON_BLOCKS = YES;
				GCC_OPTIMIZATION_LEVEL = 0;
				GCC_PREPROCESSOR_DEFINITIONS = (
					"DEBUG=1",
					"$(inherited)",
				);
				GCC_WARN_64_TO_32_BIT_CONVERSION = YES;
				GCC_WARN_ABOUT_RETURN_TYPE = YES_ERROR;
				GCC_WARN_UNDECLARED_SELECTOR = YES;
				GCC_WARN_UNINITIALIZED_AUTOS = YES_AGGRESSIVE;
				GCC_WARN_UNUSED_FUNCTION = YES;
				GCC_WARN_UNUSED_VARIABLE = YES;
				IPHONEOS_DEPLOYMENT_TARGET = 16.1;
				MTL_ENABLE_DEBUG_INFO = INCLUDE_SOURCE;
				MTL_FAST_MATH = YES;
				ONLY_ACTIVE_ARCH = YES;
				SDKROOT = iphoneos;
				SWIFT_ACTIVE_COMPILATION_CONDITIONS = DEBUG;
				SWIFT_OPTIMIZATION_LEVEL = "-Onone";
			};
			name = Debug;
		};
		6C52C8232931D709009DC766 /* Release */ = {
			isa = XCBuildConfiguration;
			buildSettings = {
				ALWAYS_SEARCH_USER_PATHS = NO;
				CLANG_ANALYZER_NONNULL = YES;
				CLANG_ANALYZER_NUMBER_OBJECT_CONVERSION = YES_AGGRESSIVE;
				CLANG_CXX_LANGUAGE_STANDARD = "gnu++20";
				CLANG_ENABLE_MODULES = YES;
				CLANG_ENABLE_OBJC_ARC = YES;
				CLANG_ENABLE_OBJC_WEAK = YES;
				CLANG_WARN_BLOCK_CAPTURE_AUTORELEASING = YES;
				CLANG_WARN_BOOL_CONVERSION = YES;
				CLANG_WARN_COMMA = YES;
				CLANG_WARN_CONSTANT_CONVERSION = YES;
				CLANG_WARN_DEPRECATED_OBJC_IMPLEMENTATIONS = YES;
				CLANG_WARN_DIRECT_OBJC_ISA_USAGE = YES_ERROR;
				CLANG_WARN_DOCUMENTATION_COMMENTS = YES;
				CLANG_WARN_EMPTY_BODY = YES;
				CLANG_WARN_ENUM_CONVERSION = YES;
				CLANG_WARN_INFINITE_RECURSION = YES;
				CLANG_WARN_INT_CONVERSION = YES;
				CLANG_WARN_NON_LITERAL_NULL_CONVERSION = YES;
				CLANG_WARN_OBJC_IMPLICIT_RETAIN_SELF = YES;
				CLANG_WARN_OBJC_LITERAL_CONVERSION = YES;
				CLANG_WARN_OBJC_ROOT_CLASS = YES_ERROR;
				CLANG_WARN_QUOTED_INCLUDE_IN_FRAMEWORK_HEADER = YES;
				CLANG_WARN_RANGE_LOOP_ANALYSIS = YES;
				CLANG_WARN_STRICT_PROTOTYPES = YES;
				CLANG_WARN_SUSPICIOUS_MOVE = YES;
				CLANG_WARN_UNGUARDED_AVAILABILITY = YES_AGGRESSIVE;
				CLANG_WARN_UNREACHABLE_CODE = YES;
				CLANG_WARN__DUPLICATE_METHOD_MATCH = YES;
				COPY_PHASE_STRIP = NO;
				DEBUG_INFORMATION_FORMAT = "dwarf-with-dsym";
				ENABLE_NS_ASSERTIONS = NO;
				ENABLE_STRICT_OBJC_MSGSEND = YES;
				GCC_C_LANGUAGE_STANDARD = gnu11;
				GCC_NO_COMMON_BLOCKS = YES;
				GCC_WARN_64_TO_32_BIT_CONVERSION = YES;
				GCC_WARN_ABOUT_RETURN_TYPE = YES_ERROR;
				GCC_WARN_UNDECLARED_SELECTOR = YES;
				GCC_WARN_UNINITIALIZED_AUTOS = YES_AGGRESSIVE;
				GCC_WARN_UNUSED_FUNCTION = YES;
				GCC_WARN_UNUSED_VARIABLE = YES;
				IPHONEOS_DEPLOYMENT_TARGET = 16.1;
				MTL_ENABLE_DEBUG_INFO = NO;
				MTL_FAST_MATH = YES;
				SDKROOT = iphoneos;
				SWIFT_COMPILATION_MODE = wholemodule;
				SWIFT_OPTIMIZATION_LEVEL = "-O";
				VALIDATE_PRODUCT = YES;
			};
			name = Release;
		};
		6C52C8252931D709009DC766 /* Debug */ = {
			isa = XCBuildConfiguration;
			buildSettings = {
				ASSETCATALOG_COMPILER_APPICON_NAME = AppIcon;
				ASSETCATALOG_COMPILER_GLOBAL_ACCENT_COLOR_NAME = AccentColor;
				CODE_SIGN_STYLE = Automatic;
				CURRENT_PROJECT_VERSION = 1;
				DEVELOPMENT_ASSET_PATHS = "\"TodoLog/Preview Content\"";
				DEVELOPMENT_TEAM = HXY5D77272;
				ENABLE_PREVIEWS = YES;
				GENERATE_INFOPLIST_FILE = YES;
				INFOPLIST_KEY_UIApplicationSceneManifest_Generation = YES;
				INFOPLIST_KEY_UIApplicationSupportsIndirectInputEvents = YES;
				INFOPLIST_KEY_UILaunchScreen_Generation = YES;
				INFOPLIST_KEY_UISupportedInterfaceOrientations_iPad = "UIInterfaceOrientationPortrait UIInterfaceOrientationPortraitUpsideDown UIInterfaceOrientationLandscapeLeft UIInterfaceOrientationLandscapeRight";
				INFOPLIST_KEY_UISupportedInterfaceOrientations_iPhone = "UIInterfaceOrientationPortrait UIInterfaceOrientationLandscapeLeft UIInterfaceOrientationLandscapeRight";
				LD_RUNPATH_SEARCH_PATHS = (
					"$(inherited)",
					"@executable_path/Frameworks",
				);
				MARKETING_VERSION = 1.0;
				PRODUCT_BUNDLE_IDENTIFIER = com.kyosuke.TodoLog;
				PRODUCT_NAME = "$(TARGET_NAME)";
				SWIFT_EMIT_LOC_STRINGS = YES;
				SWIFT_VERSION = 5.0;
				TARGETED_DEVICE_FAMILY = "1,2";
			};
			name = Debug;
		};
		6C52C8262931D709009DC766 /* Release */ = {
			isa = XCBuildConfiguration;
			buildSettings = {
				ASSETCATALOG_COMPILER_APPICON_NAME = AppIcon;
				ASSETCATALOG_COMPILER_GLOBAL_ACCENT_COLOR_NAME = AccentColor;
				CODE_SIGN_STYLE = Automatic;
				CURRENT_PROJECT_VERSION = 1;
				DEVELOPMENT_ASSET_PATHS = "\"TodoLog/Preview Content\"";
				DEVELOPMENT_TEAM = HXY5D77272;
				ENABLE_PREVIEWS = YES;
				GENERATE_INFOPLIST_FILE = YES;
				INFOPLIST_KEY_UIApplicationSceneManifest_Generation = YES;
				INFOPLIST_KEY_UIApplicationSupportsIndirectInputEvents = YES;
				INFOPLIST_KEY_UILaunchScreen_Generation = YES;
				INFOPLIST_KEY_UISupportedInterfaceOrientations_iPad = "UIInterfaceOrientationPortrait UIInterfaceOrientationPortraitUpsideDown UIInterfaceOrientationLandscapeLeft UIInterfaceOrientationLandscapeRight";
				INFOPLIST_KEY_UISupportedInterfaceOrientations_iPhone = "UIInterfaceOrientationPortrait UIInterfaceOrientationLandscapeLeft UIInterfaceOrientationLandscapeRight";
				LD_RUNPATH_SEARCH_PATHS = (
					"$(inherited)",
					"@executable_path/Frameworks",
				);
				MARKETING_VERSION = 1.0;
				PRODUCT_BUNDLE_IDENTIFIER = com.kyosuke.TodoLog;
				PRODUCT_NAME = "$(TARGET_NAME)";
				SWIFT_EMIT_LOC_STRINGS = YES;
				SWIFT_VERSION = 5.0;
				TARGETED_DEVICE_FAMILY = "1,2";
			};
			name = Release;
		};
/* End XCBuildConfiguration section */

/* Begin XCConfigurationList section */
		6C52C8112931D708009DC766 /* Build configuration list for PBXProject "TodoLog" */ = {
			isa = XCConfigurationList;
			buildConfigurations = (
				6C52C8222931D709009DC766 /* Debug */,
				6C52C8232931D709009DC766 /* Release */,
			);
			defaultConfigurationIsVisible = 0;
			defaultConfigurationName = Release;
		};
		6C52C8242931D709009DC766 /* Build configuration list for PBXNativeTarget "TodoLog" */ = {
			isa = XCConfigurationList;
			buildConfigurations = (
				6C52C8252931D709009DC766 /* Debug */,
				6C52C8262931D709009DC766 /* Release */,
			);
			defaultConfigurationIsVisible = 0;
			defaultConfigurationName = Release;
		};
/* End XCConfigurationList section */

/* Begin XCVersionGroup section */
		6C52C8272931D730009DC766 /* TodoLog.xcdatamodeld */ = {
			isa = XCVersionGroup;
			children = (
				6C52C8282931D730009DC766 /* TodoLog.xcdatamodel */,
			);
			currentVersion = 6C52C8282931D730009DC766 /* TodoLog.xcdatamodel */;
			path = TodoLog.xcdatamodeld;
			sourceTree = "<group>";
			versionGroupType = wrapper.xcdatamodel;
		};
/* End XCVersionGroup section */
	};
	rootObject = 6C52C80E2931D708009DC766 /* Project object */;
}
